{
  "originHash" : "54654cbc1becca99ca5387598add19cfef1e0240721890acb66b09855df25d63",
  "pins" : [
    {
      "identity" : "ziparchive",
      "kind" : "remoteSourceControl",
      "location" : "https://github.com/ZipArchive/ZipArchive",
      "state" : {
        "revision" : "df35718ea19a94e015b91dc4881dee028ce4cdba",
        "version" : "2.6.0"
      }
    },
    {
      "identity" : "zipfoundation",
      "kind" : "remoteSourceControl",
      "location" : "https://github.com/weichsel/ZIPFoundation",
      "state" : {
        "revision" : "22787ffb59de99e5dc1fbfe80b19c97a904ad48d",
        "version" : "0.9.20"
      }
    },
    {
      "identity" : "zsign-ios",
      "kind" : "remoteSourceControl",
      "location" : "https://github.com/zwsn/zsign-ios",
      "state" : {
        "branch" : "main",
        "revision" : "a7f275fb4830ea48adf536fcddee7d05471970d0"
      }
    }
  ],
  "version" : 3
}
