// !$*UTF8*$!
{
	archiveVersion = 1;
	classes = {
	};
	objectVersion = 54;
	objects = {

/* Begin PBXBuildFile section */
		03995CBAD88A1282ADC4A195 /* IPADetailView.swift in Sources */ = {isa = PBXBuildFile; fileRef = C869CEDA042C7322DE0FE8B8 /* IPADetailView.swift */; };
		0BE27FAC1CDAA3E1C9BCF239 /* CertStoreView.swift in Sources */ = {isa = PBXBuildFile; fileRef = AC968253E036206C77FC6EFF /* CertStoreView.swift */; };
		12C5EF57D4EF8BA80447ACDB /* DeviceListView.swift in Sources */ = {isa = PBXBuildFile; fileRef = 93F793AC7DA2CC56A4C5C18B /* DeviceListView.swift */; };
		12EF739DDB63FED78EECD859 /* AboutView.swift in Sources */ = {isa = PBXBuildFile; fileRef = 2E7D7B530FD533B852B71C9D /* AboutView.swift */; };
		1DE57A8CD8C6D3439ED5A445 /* KeychainHelper.swift in Sources */ = {isa = PBXBuildFile; fileRef = 3801970DD556B6C1FD1E43F8 /* KeychainHelper.swift */; };
		222543D1B791FAEBCA9F8AAE /* Theme.swift in Sources */ = {isa = PBXBuildFile; fileRef = 4B6A4D09141162379E3F84D2 /* Theme.swift */; };
		2C0604903B20C7C97CEC94DF /* OrderListView.swift in Sources */ = {isa = PBXBuildFile; fileRef = 6A18FCB6847F64B3754B5524 /* OrderListView.swift */; };
		31948BA898717F764C64DE89 /* IPASigner.swift in Sources */ = {isa = PBXBuildFile; fileRef = 127AD3649C9E1D93E56F3E87 /* IPASigner.swift */; };
		419C7EE1A1A45A0B5F884C24 /* SignHistoryView.swift in Sources */ = {isa = PBXBuildFile; fileRef = 543ABFD8C4FB0AD6FC0BD474 /* SignHistoryView.swift */; };
		443422BB4A685E9AB2517F73 /* BrowserView.swift in Sources */ = {isa = PBXBuildFile; fileRef = BC17622C2CD36C479A39C3E7 /* BrowserView.swift */; };
		495A0883822CC3024B6CDAFE /* SignResultView.swift in Sources */ = {isa = PBXBuildFile; fileRef = 5E67D1D5C72F680A2BDB8E37 /* SignResultView.swift */; };
		60BEC69888AC220153F886FD /* IPAListView.swift in Sources */ = {isa = PBXBuildFile; fileRef = AF31B7803C5CDE2E586F25BD /* IPAListView.swift */; };
		6D18E76398D48748C9C89172 /* DiscoverView.swift in Sources */ = {isa = PBXBuildFile; fileRef = B85423E058D297505307D2E4 /* DiscoverView.swift */; };
		758C1BF19D94940BDF8467AB /* CertStorage.swift in Sources */ = {isa = PBXBuildFile; fileRef = 9C1063313A984844F35FBB16 /* CertStorage.swift */; };
		7B69C038E775D6B8B83327AA /* DylibInjector.swift in Sources */ = {isa = PBXBuildFile; fileRef = A8D0902330C2238AF96F7211 /* DylibInjector.swift */; };
		86C92D1CE8523B2D5013068B /* IPAParser.swift in Sources */ = {isa = PBXBuildFile; fileRef = 1AD9764679845633E189F510 /* IPAParser.swift */; };
		89A12DDA1311398861A4AC90 /* UDIDHelper.swift in Sources */ = {isa = PBXBuildFile; fileRef = 8003E8E3A231072C3F7EC7ED /* UDIDHelper.swift */; };
		8ACF4118BDF658D1469DA73C /* LocalIPAServer.swift in Sources */ = {isa = PBXBuildFile; fileRef = 22F4B6167C62C4CF8EE7AB1D /* LocalIPAServer.swift */; };
		8AD1B3C2141F9160CD970356 /* ContentView.swift in Sources */ = {isa = PBXBuildFile; fileRef = BF4F44AE8C43A75ABEE28C85 /* ContentView.swift */; };
		8B88B739257C3DFBB02E546F /* UpdateChecker.swift in Sources */ = {isa = PBXBuildFile; fileRef = 11860147C88CAA05CC423608 /* UpdateChecker.swift */; };
		8D19AE1E3926F656E3ACFCAB /* LocalInstaller.m in Sources */ = {isa = PBXBuildFile; fileRef = 3489A570861042F378D5EA51 /* LocalInstaller.m */; };
		91A8E546FA017A2026E6C899 /* ZIPFoundation in Frameworks */ = {isa = PBXBuildFile; productRef = E95D6546DA20DCA2693AD7B6 /* ZIPFoundation */; };
		991A0728DB7D61C4372C52FE /* server.p12 in Resources */ = {isa = PBXBuildFile; fileRef = BBD0528C21786AA496FD156C /* server.p12 */; };
		9DE29AD102D5478C87B0958B /* APIClient.swift in Sources */ = {isa = PBXBuildFile; fileRef = 46CF3940034AC99F3AF36362 /* APIClient.swift */; };
		A5624B225B9F546C2884A3E5 /* SourceBrowseView.swift in Sources */ = {isa = PBXBuildFile; fileRef = 7DB7ACAFD73B4D992005B18E /* SourceBrowseView.swift */; };
		AB9D937DFC54D72D88CDBEB5 /* ProfileView.swift in Sources */ = {isa = PBXBuildFile; fileRef = 39FA7C66EC33641DD5E1AE5B /* ProfileView.swift */; };
		ACABC901942280CA8BBDA113 /* JiSignApp.swift in Sources */ = {isa = PBXBuildFile; fileRef = 40ED5A59D4ECA2BA4FACC4C8 /* JiSignApp.swift */; };
		B6D72009FC4ECC85A3654380 /* SigningView.swift in Sources */ = {isa = PBXBuildFile; fileRef = 9CFD5D58EF92EED08D192A43 /* SigningView.swift */; };
		BA5CD79252AC058B608B73B1 /* SignOptionsView.swift in Sources */ = {isa = PBXBuildFile; fileRef = 95F1EDC98D57A670BA1DF747 /* SignOptionsView.swift */; };
		BFA15344F362675B61D3C1FB /* Assets.xcassets in Resources */ = {isa = PBXBuildFile; fileRef = 93AA19BBDFEDEB9FB4AC134D /* Assets.xcassets */; };
		C0D5A9ADEA752D68DD293950 /* ZSignApple in Frameworks */ = {isa = PBXBuildFile; productRef = 00E34378C2156961B3F8A29E /* ZSignApple */; };
		C51CDB53F5B7EFE6E9D53EDF /* server.crt in Resources */ = {isa = PBXBuildFile; fileRef = DC1A0D0AD6A9524E5B8B9D11 /* server.crt */; };
		CA644644D7C1CB9AB8E52556 /* JiSignTweaks.dylib in Resources */ = {isa = PBXBuildFile; fileRef = 070E2F9558E03E4C2D222E6F /* JiSignTweaks.dylib */; };
		CCD6BD6EA68AA4F93F549D37 /* LoginView.swift in Sources */ = {isa = PBXBuildFile; fileRef = 5C8719EFAC7B8CE7178969D1 /* LoginView.swift */; };
		CFC6ED1C32B6AA4B5F656CD3 /* IPAStorage.swift in Sources */ = {isa = PBXBuildFile; fileRef = 3E60AE2FFDCE68DD6CD64FD5 /* IPAStorage.swift */; };
		D4EBBF425EC759189E3A97C3 /* server.key in Resources */ = {isa = PBXBuildFile; fileRef = 92DAF8D1941D86E6E3109C52 /* server.key */; };
		F5C65A61F0E9B0E4F565475E /* SourceListView.swift in Sources */ = {isa = PBXBuildFile; fileRef = 19804CF4B9D4488695DDB083 /* SourceListView.swift */; };
		FE5736FE1CB34B6B79FC6F23 /* ZipArchive in Frameworks */ = {isa = PBXBuildFile; productRef = D7CAA9D635FDCE75F1D57072 /* ZipArchive */; };
/* End PBXBuildFile section */

/* Begin PBXFileReference section */
		070E2F9558E03E4C2D222E6F /* JiSignTweaks.dylib */ = {isa = PBXFileReference; lastKnownFileType = "compiled.mach-o.dylib"; path = JiSignTweaks.dylib; sourceTree = "<group>"; };
		11860147C88CAA05CC423608 /* UpdateChecker.swift */ = {isa = PBXFileReference; lastKnownFileType = sourcecode.swift; path = UpdateChecker.swift; sourceTree = "<group>"; };
		127AD3649C9E1D93E56F3E87 /* IPASigner.swift */ = {isa = PBXFileReference; lastKnownFileType = sourcecode.swift; path = IPASigner.swift; sourceTree = "<group>"; };
		19804CF4B9D4488695DDB083 /* SourceListView.swift */ = {isa = PBXFileReference; lastKnownFileType = sourcecode.swift; path = SourceListView.swift; sourceTree = "<group>"; };
		1AD9764679845633E189F510 /* IPAParser.swift */ = {isa = PBXFileReference; lastKnownFileType = sourcecode.swift; path = IPAParser.swift; sourceTree = "<group>"; };
		22F4B6167C62C4CF8EE7AB1D /* LocalIPAServer.swift */ = {isa = PBXFileReference; lastKnownFileType = sourcecode.swift; path = LocalIPAServer.swift; sourceTree = "<group>"; };
		2E7D7B530FD533B852B71C9D /* AboutView.swift */ = {isa = PBXFileReference; lastKnownFileType = sourcecode.swift; path = AboutView.swift; sourceTree = "<group>"; };
		3489A570861042F378D5EA51 /* LocalInstaller.m */ = {isa = PBXFileReference; lastKnownFileType = sourcecode.c.objc; path = LocalInstaller.m; sourceTree = "<group>"; };
		3801970DD556B6C1FD1E43F8 /* KeychainHelper.swift */ = {isa = PBXFileReference; lastKnownFileType = sourcecode.swift; path = KeychainHelper.swift; sourceTree = "<group>"; };
		39FA7C66EC33641DD5E1AE5B /* ProfileView.swift */ = {isa = PBXFileReference; lastKnownFileType = sourcecode.swift; path = ProfileView.swift; sourceTree = "<group>"; };
		3E60AE2FFDCE68DD6CD64FD5 /* IPAStorage.swift */ = {isa = PBXFileReference; lastKnownFileType = sourcecode.swift; path = IPAStorage.swift; sourceTree = "<group>"; };
		40ED5A59D4ECA2BA4FACC4C8 /* JiSignApp.swift */ = {isa = PBXFileReference; lastKnownFileType = sourcecode.swift; path = JiSignApp.swift; sourceTree = "<group>"; };
		46CF3940034AC99F3AF36362 /* APIClient.swift */ = {isa = PBXFileReference; lastKnownFileType = sourcecode.swift; path = APIClient.swift; sourceTree = "<group>"; };
		4B6A4D09141162379E3F84D2 /* Theme.swift */ = {isa = PBXFileReference; lastKnownFileType = sourcecode.swift; path = Theme.swift; sourceTree = "<group>"; };
		543ABFD8C4FB0AD6FC0BD474 /* SignHistoryView.swift */ = {isa = PBXFileReference; lastKnownFileType = sourcecode.swift; path = SignHistoryView.swift; sourceTree = "<group>"; };
		54D801BDB9BA9926C6DA5EA8 /* JiSign.app */ = {isa = PBXFileReference; includeInIndex = 0; lastKnownFileType = wrapper.application; path = JiSign.app; sourceTree = BUILT_PRODUCTS_DIR; };
		579A2EEA84DC64E0E2812BF6 /* JiSign-Bridging-Header.h */ = {isa = PBXFileReference; lastKnownFileType = sourcecode.c.h; path = "JiSign-Bridging-Header.h"; sourceTree = "<group>"; };
		5C8719EFAC7B8CE7178969D1 /* LoginView.swift */ = {isa = PBXFileReference; lastKnownFileType = sourcecode.swift; path = LoginView.swift; sourceTree = "<group>"; };
		5E67D1D5C72F680A2BDB8E37 /* SignResultView.swift */ = {isa = PBXFileReference; lastKnownFileType = sourcecode.swift; path = SignResultView.swift; sourceTree = "<group>"; };
		6A18FCB6847F64B3754B5524 /* OrderListView.swift */ = {isa = PBXFileReference; lastKnownFileType = sourcecode.swift; path = OrderListView.swift; sourceTree = "<group>"; };
		7DB7ACAFD73B4D992005B18E /* SourceBrowseView.swift */ = {isa = PBXFileReference; lastKnownFileType = sourcecode.swift; path = SourceBrowseView.swift; sourceTree = "<group>"; };
		8003E8E3A231072C3F7EC7ED /* UDIDHelper.swift */ = {isa = PBXFileReference; lastKnownFileType = sourcecode.swift; path = UDIDHelper.swift; sourceTree = "<group>"; };
		92DAF8D1941D86E6E3109C52 /* server.key */ = {isa = PBXFileReference; path = server.key; sourceTree = "<group>"; };
		93AA19BBDFEDEB9FB4AC134D /* Assets.xcassets */ = {isa = PBXFileReference; lastKnownFileType = folder.assetcatalog; path = Assets.xcassets; sourceTree = "<group>"; };
		93F793AC7DA2CC56A4C5C18B /* DeviceListView.swift */ = {isa = PBXFileReference; lastKnownFileType = sourcecode.swift; path = DeviceListView.swift; sourceTree = "<group>"; };
		95F1EDC98D57A670BA1DF747 /* SignOptionsView.swift */ = {isa = PBXFileReference; lastKnownFileType = sourcecode.swift; path = SignOptionsView.swift; sourceTree = "<group>"; };
		9C1063313A984844F35FBB16 /* CertStorage.swift */ = {isa = PBXFileReference; lastKnownFileType = sourcecode.swift; path = CertStorage.swift; sourceTree = "<group>"; };
		9CFD5D58EF92EED08D192A43 /* SigningView.swift */ = {isa = PBXFileReference; lastKnownFileType = sourcecode.swift; path = SigningView.swift; sourceTree = "<group>"; };
		A58328DC6340AEB00844C016 /* Info.plist */ = {isa = PBXFileReference; lastKnownFileType = text.plist; path = Info.plist; sourceTree = "<group>"; };
		A8D0902330C2238AF96F7211 /* DylibInjector.swift */ = {isa = PBXFileReference; lastKnownFileType = sourcecode.swift; path = DylibInjector.swift; sourceTree = "<group>"; };
		AC968253E036206C77FC6EFF /* CertStoreView.swift */ = {isa = PBXFileReference; lastKnownFileType = sourcecode.swift; path = CertStoreView.swift; sourceTree = "<group>"; };
		AF31B7803C5CDE2E586F25BD /* IPAListView.swift */ = {isa = PBXFileReference; lastKnownFileType = sourcecode.swift; path = IPAListView.swift; sourceTree = "<group>"; };
		B85423E058D297505307D2E4 /* DiscoverView.swift */ = {isa = PBXFileReference; lastKnownFileType = sourcecode.swift; path = DiscoverView.swift; sourceTree = "<group>"; };
		BBD0528C21786AA496FD156C /* server.p12 */ = {isa = PBXFileReference; path = server.p12; sourceTree = "<group>"; };
		BC17622C2CD36C479A39C3E7 /* BrowserView.swift */ = {isa = PBXFileReference; lastKnownFileType = sourcecode.swift; path = BrowserView.swift; sourceTree = "<group>"; };
		BF4F44AE8C43A75ABEE28C85 /* ContentView.swift */ = {isa = PBXFileReference; lastKnownFileType = sourcecode.swift; path = ContentView.swift; sourceTree = "<group>"; };
		C869CEDA042C7322DE0FE8B8 /* IPADetailView.swift */ = {isa = PBXFileReference; lastKnownFileType = sourcecode.swift; path = IPADetailView.swift; sourceTree = "<group>"; };
		DB08781C644C53D68788A754 /* LocalInstaller.h */ = {isa = PBXFileReference; lastKnownFileType = sourcecode.c.h; path = LocalInstaller.h; sourceTree = "<group>"; };
		DC1A0D0AD6A9524E5B8B9D11 /* server.crt */ = {isa = PBXFileReference; path = server.crt; sourceTree = "<group>"; };
/* End PBXFileReference section */

/* Begin PBXFrameworksBuildPhase section */
		0C781C327F0C4478A61A0A7E /* Frameworks */ = {
			isa = PBXFrameworksBuildPhase;
			buildActionMask = 2147483647;
			files = (
				C0D5A9ADEA752D68DD293950 /* ZSignApple in Frameworks */,
				91A8E546FA017A2026E6C899 /* ZIPFoundation in Frameworks */,
				FE5736FE1CB34B6B79FC6F23 /* ZipArchive in Frameworks */,
			);
			runOnlyForDeploymentPostprocessing = 0;
		};
/* End PBXFrameworksBuildPhase section */

/* Begin PBXGroup section */
		164E681A4012135B428D1D6D /* CertStore */ = {
			isa = PBXGroup;
			children = (
				AC968253E036206C77FC6EFF /* CertStoreView.swift */,
			);
			path = CertStore;
			sourceTree = "<group>";
		};
		17C56A813B487F6072EA8902 /* Network */ = {
			isa = PBXGroup;
			children = (
				46CF3940034AC99F3AF36362 /* APIClient.swift */,
			);
			path = Network;
			sourceTree = "<group>";
		};
		3324A0C5CDCBCA4E171DF87B /* Signing */ = {
			isa = PBXGroup;
			children = (
				543ABFD8C4FB0AD6FC0BD474 /* SignHistoryView.swift */,
				9CFD5D58EF92EED08D192A43 /* SigningView.swift */,
				95F1EDC98D57A670BA1DF747 /* SignOptionsView.swift */,
				5E67D1D5C72F680A2BDB8E37 /* SignResultView.swift */,
			);
			path = Signing;
			sourceTree = "<group>";
		};
		3B078581125464A67880EDC6 /* Products */ = {
			isa = PBXGroup;
			children = (
				54D801BDB9BA9926C6DA5EA8 /* JiSign.app */,
			);
			name = Products;
			sourceTree = "<group>";
		};
		3BFD86B3ED8BD40448C7DB3E /* Certs */ = {
			isa = PBXGroup;
			children = (
				DC1A0D0AD6A9524E5B8B9D11 /* server.crt */,
				92DAF8D1941D86E6E3109C52 /* server.key */,
				BBD0528C21786AA496FD156C /* server.p12 */,
			);
			path = Certs;
			sourceTree = "<group>";
		};
		40282E4BAEC5C76307BC70A1 /* Storage */ = {
			isa = PBXGroup;
			children = (
				9C1063313A984844F35FBB16 /* CertStorage.swift */,
				3E60AE2FFDCE68DD6CD64FD5 /* IPAStorage.swift */,
				3801970DD556B6C1FD1E43F8 /* KeychainHelper.swift */,
			);
			path = Storage;
			sourceTree = "<group>";
		};
		4C1AF482FCA245524F0001D7 = {
			isa = PBXGroup;
			children = (
				E87B01EDC624F2586A45F4D3 /* JiSign */,
				3B078581125464A67880EDC6 /* Products */,
			);
			sourceTree = "<group>";
		};
		50E2D0A0B6382DA9A6568F38 /* Features */ = {
			isa = PBXGroup;
			children = (
				680A8BF2C1857B31C369E0F9 /* Browser */,
				164E681A4012135B428D1D6D /* CertStore */,
				6B98607BE524A49CE2BFCC92 /* Discover */,
				91CEC1C4D51A365DE083A6AA /* IPAManager */,
				7024932B12B47FDEC09554CF /* Profile */,
				3324A0C5CDCBCA4E171DF87B /* Signing */,
				619143A71295AE06A5F7D355 /* Sources */,
			);
			path = Features;
			sourceTree = "<group>";
		};
		619143A71295AE06A5F7D355 /* Sources */ = {
			isa = PBXGroup;
			children = (
				7DB7ACAFD73B4D992005B18E /* SourceBrowseView.swift */,
				19804CF4B9D4488695DDB083 /* SourceListView.swift */,
			);
			path = Sources;
			sourceTree = "<group>";
		};
		67BC92CD92DF3BECF66FE8F3 /* Resources */ = {
			isa = PBXGroup;
			children = (
				93AA19BBDFEDEB9FB4AC134D /* Assets.xcassets */,
				070E2F9558E03E4C2D222E6F /* JiSignTweaks.dylib */,
				3BFD86B3ED8BD40448C7DB3E /* Certs */,
			);
			path = Resources;
			sourceTree = "<group>";
		};
		680A8BF2C1857B31C369E0F9 /* Browser */ = {
			isa = PBXGroup;
			children = (
				BC17622C2CD36C479A39C3E7 /* BrowserView.swift */,
			);
			path = Browser;
			sourceTree = "<group>";
		};
		6B98607BE524A49CE2BFCC92 /* Discover */ = {
			isa = PBXGroup;
			children = (
				B85423E058D297505307D2E4 /* DiscoverView.swift */,
			);
			path = Discover;
			sourceTree = "<group>";
		};
		7024932B12B47FDEC09554CF /* Profile */ = {
			isa = PBXGroup;
			children = (
				2E7D7B530FD533B852B71C9D /* AboutView.swift */,
				93F793AC7DA2CC56A4C5C18B /* DeviceListView.swift */,
				5C8719EFAC7B8CE7178969D1 /* LoginView.swift */,
				6A18FCB6847F64B3754B5524 /* OrderListView.swift */,
				39FA7C66EC33641DD5E1AE5B /* ProfileView.swift */,
			);
			path = Profile;
			sourceTree = "<group>";
		};
		91CEC1C4D51A365DE083A6AA /* IPAManager */ = {
			isa = PBXGroup;
			children = (
				C869CEDA042C7322DE0FE8B8 /* IPADetailView.swift */,
				AF31B7803C5CDE2E586F25BD /* IPAListView.swift */,
			);
			path = IPAManager;
			sourceTree = "<group>";
		};
		A1936EE191D2FB6C1133B474 /* Update */ = {
			isa = PBXGroup;
			children = (
				11860147C88CAA05CC423608 /* UpdateChecker.swift */,
			);
			path = Update;
			sourceTree = "<group>";
		};
		C9960B0B09B7713DDE7538CD /* Core */ = {
			isa = PBXGroup;
			children = (
				17C56A813B487F6072EA8902 /* Network */,
				D717B4DFCE0AF838C2029B0C /* SignEngine */,
				40282E4BAEC5C76307BC70A1 /* Storage */,
				A1936EE191D2FB6C1133B474 /* Update */,
				FFAA80553F479871224A2C8F /* Utils */,
			);
			path = Core;
			sourceTree = "<group>";
		};
		D717B4DFCE0AF838C2029B0C /* SignEngine */ = {
			isa = PBXGroup;
			children = (
				A8D0902330C2238AF96F7211 /* DylibInjector.swift */,
				127AD3649C9E1D93E56F3E87 /* IPASigner.swift */,
				DB08781C644C53D68788A754 /* LocalInstaller.h */,
				3489A570861042F378D5EA51 /* LocalInstaller.m */,
				22F4B6167C62C4CF8EE7AB1D /* LocalIPAServer.swift */,
			);
			path = SignEngine;
			sourceTree = "<group>";
		};
		E2352D3AFEBB4382780C1581 /* App */ = {
			isa = PBXGroup;
			children = (
				BF4F44AE8C43A75ABEE28C85 /* ContentView.swift */,
				40ED5A59D4ECA2BA4FACC4C8 /* JiSignApp.swift */,
			);
			path = App;
			sourceTree = "<group>";
		};
		E87B01EDC624F2586A45F4D3 /* JiSign */ = {
			isa = PBXGroup;
			children = (
				A58328DC6340AEB00844C016 /* Info.plist */,
				579A2EEA84DC64E0E2812BF6 /* JiSign-Bridging-Header.h */,
				E2352D3AFEBB4382780C1581 /* App */,
				C9960B0B09B7713DDE7538CD /* Core */,
				50E2D0A0B6382DA9A6568F38 /* Features */,
				67BC92CD92DF3BECF66FE8F3 /* Resources */,
			);
			path = JiSign;
			sourceTree = "<group>";
		};
		FFAA80553F479871224A2C8F /* Utils */ = {
			isa = PBXGroup;
			children = (
				1AD9764679845633E189F510 /* IPAParser.swift */,
				4B6A4D09141162379E3F84D2 /* Theme.swift */,
				8003E8E3A231072C3F7EC7ED /* UDIDHelper.swift */,
			);
			path = Utils;
			sourceTree = "<group>";
		};
/* End PBXGroup section */

/* Begin PBXNativeTarget section */
		F4E55AB8A22C93CC69C95F3A /* JiSign */ = {
			isa = PBXNativeTarget;
			buildConfigurationList = 9D646FB70D7EF50740A303A6 /* Build configuration list for PBXNativeTarget "JiSign" */;
			buildPhases = (
				164B0D6BF75620F17720D81B /* Sources */,
				B972F20A775BD77D2A885230 /* Resources */,
				0C781C327F0C4478A61A0A7E /* Frameworks */,
			);
			buildRules = (
			);
			dependencies = (
			);
			name = JiSign;
			packageProductDependencies = (
				00E34378C2156961B3F8A29E /* ZSignApple */,
				E95D6546DA20DCA2693AD7B6 /* ZIPFoundation */,
				D7CAA9D635FDCE75F1D57072 /* ZipArchive */,
			);
			productName = JiSign;
			productReference = 54D801BDB9BA9926C6DA5EA8 /* JiSign.app */;
			productType = "com.apple.product-type.application";
		};
/* End PBXNativeTarget section */

/* Begin PBXProject section */
		36E1603842ED353356DAE243 /* Project object */ = {
			isa = PBXProject;
			attributes = {
				BuildIndependentTargetsInParallel = YES;
				LastUpgradeCheck = 1600;
				TargetAttributes = {
				};
			};
			buildConfigurationList = DBAE463AF2DB4F543F2038E2 /* Build configuration list for PBXProject "JiSign" */;
			compatibilityVersion = "Xcode 14.0";
			developmentRegion = en;
			hasScannedForEncodings = 0;
			knownRegions = (
				Base,
				en,
			);
			mainGroup = 4C1AF482FCA245524F0001D7;
			minimizedProjectReferenceProxies = 1;
			packageReferences = (
				C6548A8AA13B099A196E3D0E /* XCRemoteSwiftPackageReference "ZIPFoundation" */,
				D3B39CBE0765E949C6542676 /* XCRemoteSwiftPackageReference "ZipArchive" */,
				50D51493AD0FA4E0925DD094 /* XCRemoteSwiftPackageReference "zsign-ios" */,
			);
			preferredProjectObjectVersion = 54;
			projectDirPath = "";
			projectRoot = "";
			targets = (
				F4E55AB8A22C93CC69C95F3A /* JiSign */,
			);
		};
/* End PBXProject section */

/* Begin PBXResourcesBuildPhase section */
		B972F20A775BD77D2A885230 /* Resources */ = {
			isa = PBXResourcesBuildPhase;
			buildActionMask = 2147483647;
			files = (
				BFA15344F362675B61D3C1FB /* Assets.xcassets in Resources */,
				CA644644D7C1CB9AB8E52556 /* JiSignTweaks.dylib in Resources */,
				C51CDB53F5B7EFE6E9D53EDF /* server.crt in Resources */,
				D4EBBF425EC759189E3A97C3 /* server.key in Resources */,
				991A0728DB7D61C4372C52FE /* server.p12 in Resources */,
			);
			runOnlyForDeploymentPostprocessing = 0;
		};
/* End PBXResourcesBuildPhase section */

/* Begin PBXSourcesBuildPhase section */
		164B0D6BF75620F17720D81B /* Sources */ = {
			isa = PBXSourcesBuildPhase;
			buildActionMask = 2147483647;
			files = (
				9DE29AD102D5478C87B0958B /* APIClient.swift in Sources */,
				12EF739DDB63FED78EECD859 /* AboutView.swift in Sources */,
				443422BB4A685E9AB2517F73 /* BrowserView.swift in Sources */,
				758C1BF19D94940BDF8467AB /* CertStorage.swift in Sources */,
				0BE27FAC1CDAA3E1C9BCF239 /* CertStoreView.swift in Sources */,
				8AD1B3C2141F9160CD970356 /* ContentView.swift in Sources */,
				12C5EF57D4EF8BA80447ACDB /* DeviceListView.swift in Sources */,
				6D18E76398D48748C9C89172 /* DiscoverView.swift in Sources */,
				7B69C038E775D6B8B83327AA /* DylibInjector.swift in Sources */,
				03995CBAD88A1282ADC4A195 /* IPADetailView.swift in Sources */,
				60BEC69888AC220153F886FD /* IPAListView.swift in Sources */,
				86C92D1CE8523B2D5013068B /* IPAParser.swift in Sources */,
				31948BA898717F764C64DE89 /* IPASigner.swift in Sources */,
				CFC6ED1C32B6AA4B5F656CD3 /* IPAStorage.swift in Sources */,
				ACABC901942280CA8BBDA113 /* JiSignApp.swift in Sources */,
				1DE57A8CD8C6D3439ED5A445 /* KeychainHelper.swift in Sources */,
				8ACF4118BDF658D1469DA73C /* LocalIPAServer.swift in Sources */,
				8D19AE1E3926F656E3ACFCAB /* LocalInstaller.m in Sources */,
				CCD6BD6EA68AA4F93F549D37 /* LoginView.swift in Sources */,
				2C0604903B20C7C97CEC94DF /* OrderListView.swift in Sources */,
				AB9D937DFC54D72D88CDBEB5 /* ProfileView.swift in Sources */,
				419C7EE1A1A45A0B5F884C24 /* SignHistoryView.swift in Sources */,
				BA5CD79252AC058B608B73B1 /* SignOptionsView.swift in Sources */,
				495A0883822CC3024B6CDAFE /* SignResultView.swift in Sources */,
				B6D72009FC4ECC85A3654380 /* SigningView.swift in Sources */,
				A5624B225B9F546C2884A3E5 /* SourceBrowseView.swift in Sources */,
				F5C65A61F0E9B0E4F565475E /* SourceListView.swift in Sources */,
				222543D1B791FAEBCA9F8AAE /* Theme.swift in Sources */,
				89A12DDA1311398861A4AC90 /* UDIDHelper.swift in Sources */,
				8B88B739257C3DFBB02E546F /* UpdateChecker.swift in Sources */,
			);
			runOnlyForDeploymentPostprocessing = 0;
		};
/* End PBXSourcesBuildPhase section */

/* Begin XCBuildConfiguration section */
		124FF7F60748D4CF7A940F97 /* Debug */ = {
			isa = XCBuildConfiguration;
			buildSettings = {
				ALWAYS_SEARCH_USER_PATHS = NO;
				CLANG_ANALYZER_NONNULL = YES;
				CLANG_ANALYZER_NUMBER_OBJECT_CONVERSION = YES_AGGRESSIVE;
				CLANG_CXX_LANGUAGE_STANDARD = "gnu++14";
				CLANG_CXX_LIBRARY = "libc++";
				CLANG_ENABLE_MODULES = YES;
				CLANG_ENABLE_OBJC_ARC = YES;
				CLANG_ENABLE_OBJC_WEAK = YES;
				CLANG_WARN_BLOCK_CAPTURE_AUTORELEASING = YES;
				CLANG_WARN_BOOL_CONVERSION = YES;
				CLANG_WARN_COMMA = YES;
				CLANG_WARN_CONSTANT_CONVERSION = YES;
				CLANG_WARN_DEPRECATED_OBJC_IMPLEMENTATIONS = YES;
				CLANG_WARN_DIRECT_OBJC_ISA_USAGE = YES_ERROR;
				CLANG_WARN_DOCUMENTATION_COMMENTS = YES;
				CLANG_WARN_EMPTY_BODY = YES;
				CLANG_WARN_ENUM_CONVERSION = YES;
				CLANG_WARN_INFINITE_RECURSION = YES;
				CLANG_WARN_INT_CONVERSION = YES;
				CLANG_WARN_NON_LITERAL_NULL_CONVERSION = YES;
				CLANG_WARN_OBJC_IMPLICIT_RETAIN_SELF = YES;
				CLANG_WARN_OBJC_LITERAL_CONVERSION = YES;
				CLANG_WARN_OBJC_ROOT_CLASS = YES_ERROR;
				CLANG_WARN_QUOTED_INCLUDE_IN_FRAMEWORK_HEADER = YES;
				CLANG_WARN_RANGE_LOOP_ANALYSIS = YES;
				CLANG_WARN_STRICT_PROTOTYPES = YES;
				CLANG_WARN_SUSPICIOUS_MOVE = YES;
				CLANG_WARN_UNGUARDED_AVAILABILITY = YES_AGGRESSIVE;
				CLANG_WARN_UNREACHABLE_CODE = YES;
				CLANG_WARN__DUPLICATE_METHOD_MATCH = YES;
				COPY_PHASE_STRIP = NO;
				CURRENT_PROJECT_VERSION = 48;
				DEBUG_INFORMATION_FORMAT = dwarf;
				ENABLE_STRICT_OBJC_MSGSEND = YES;
				ENABLE_TESTABILITY = YES;
				GCC_C_LANGUAGE_STANDARD = gnu11;
				GCC_DYNAMIC_NO_PIC = NO;
				GCC_NO_COMMON_BLOCKS = YES;
				GCC_OPTIMIZATION_LEVEL = 0;
				GCC_PREPROCESSOR_DEFINITIONS = (
					"$(inherited)",
					"DEBUG=1",
				);
				GCC_WARN_64_TO_32_BIT_CONVERSION = YES;
				GCC_WARN_ABOUT_RETURN_TYPE = YES_ERROR;
				GCC_WARN_UNDECLARED_SELECTOR = YES;
				GCC_WARN_UNINITIALIZED_AUTOS = YES_AGGRESSIVE;
				GCC_WARN_UNUSED_FUNCTION = YES;
				GCC_WARN_UNUSED_VARIABLE = YES;
				IPHONEOS_DEPLOYMENT_TARGET = 16.0;
				MARKETING_VERSION = 1.0.51;
				MTL_ENABLE_DEBUG_INFO = INCLUDE_SOURCE;
				MTL_FAST_MATH = YES;
				ONLY_ACTIVE_ARCH = YES;
				PRODUCT_NAME = "$(TARGET_NAME)";
				SDKROOT = iphoneos;
				SWIFT_ACTIVE_COMPILATION_CONDITIONS = DEBUG;
				SWIFT_OPTIMIZATION_LEVEL = "-Onone";
				SWIFT_VERSION = 5.9;
			};
			name = Debug;
		};
		8BEB6BF8CA9F29006928F89E /* Release */ = {
			isa = XCBuildConfiguration;
			buildSettings = {
				ASSETCATALOG_COMPILER_APPICON_NAME = AppIcon;
				ASSETCATALOG_COMPILER_GLOBAL_ACCENT_COLOR_NAME = AccentColor;
				CODE_SIGN_IDENTITY = "iPhone Developer";
				INFOPLIST_FILE = JiSign/Info.plist;
				INFOPLIST_KEY_CFBundleDisplayName = "速签";
				INFOPLIST_KEY_LSSupportsOpeningDocumentsInPlace = YES;
				INFOPLIST_KEY_UIApplicationSceneManifest_Generation = YES;
				INFOPLIST_KEY_UIApplicationSupportsIndirectInputEvents = YES;
				INFOPLIST_KEY_UIFileSharingEnabled = YES;
				INFOPLIST_KEY_UILaunchScreen_Generation = YES;
				INFOPLIST_KEY_UISupportedInterfaceOrientations_iPhone = UIInterfaceOrientationPortrait;
				LD_RUNPATH_SEARCH_PATHS = (
					"$(inherited)",
					"@executable_path/Frameworks",
				);
				PRODUCT_BUNDLE_IDENTIFIER = com.susuq.JiSign;
				SDKROOT = iphoneos;
				SWIFT_OBJC_BRIDGING_HEADER = "JiSign/JiSign-Bridging-Header.h";
				TARGETED_DEVICE_FAMILY = "1,2";
			};
			name = Release;
		};
		9BBEDACDD7764227721FF8AD /* Release */ = {
			isa = XCBuildConfiguration;
			buildSettings = {
				ALWAYS_SEARCH_USER_PATHS = NO;
				CLANG_ANALYZER_NONNULL = YES;
				CLANG_ANALYZER_NUMBER_OBJECT_CONVERSION = YES_AGGRESSIVE;
				CLANG_CXX_LANGUAGE_STANDARD = "gnu++14";
				CLANG_CXX_LIBRARY = "libc++";
				CLANG_ENABLE_MODULES = YES;
				CLANG_ENABLE_OBJC_ARC = YES;
				CLANG_ENABLE_OBJC_WEAK = YES;
				CLANG_WARN_BLOCK_CAPTURE_AUTORELEASING = YES;
				CLANG_WARN_BOOL_CONVERSION = YES;
				CLANG_WARN_COMMA = YES;
				CLANG_WARN_CONSTANT_CONVERSION = YES;
				CLANG_WARN_DEPRECATED_OBJC_IMPLEMENTATIONS = YES;
				CLANG_WARN_DIRECT_OBJC_ISA_USAGE = YES_ERROR;
				CLANG_WARN_DOCUMENTATION_COMMENTS = YES;
				CLANG_WARN_EMPTY_BODY = YES;
				CLANG_WARN_ENUM_CONVERSION = YES;
				CLANG_WARN_INFINITE_RECURSION = YES;
				CLANG_WARN_INT_CONVERSION = YES;
				CLANG_WARN_NON_LITERAL_NULL_CONVERSION = YES;
				CLANG_WARN_OBJC_IMPLICIT_RETAIN_SELF = YES;
				CLANG_WARN_OBJC_LITERAL_CONVERSION = YES;
				CLANG_WARN_OBJC_ROOT_CLASS = YES_ERROR;
				CLANG_WARN_QUOTED_INCLUDE_IN_FRAMEWORK_HEADER = YES;
				CLANG_WARN_RANGE_LOOP_ANALYSIS = YES;
				CLANG_WARN_STRICT_PROTOTYPES = YES;
				CLANG_WARN_SUSPICIOUS_MOVE = YES;
				CLANG_WARN_UNGUARDED_AVAILABILITY = YES_AGGRESSIVE;
				CLANG_WARN_UNREACHABLE_CODE = YES;
				CLANG_WARN__DUPLICATE_METHOD_MATCH = YES;
				COPY_PHASE_STRIP = NO;
				CURRENT_PROJECT_VERSION = 48;
				DEBUG_INFORMATION_FORMAT = "dwarf-with-dsym";
				ENABLE_NS_ASSERTIONS = NO;
				ENABLE_STRICT_OBJC_MSGSEND = YES;
				GCC_C_LANGUAGE_STANDARD = gnu11;
				GCC_NO_COMMON_BLOCKS = YES;
				GCC_WARN_64_TO_32_BIT_CONVERSION = YES;
				GCC_WARN_ABOUT_RETURN_TYPE = YES_ERROR;
				GCC_WARN_UNDECLARED_SELECTOR = YES;
				GCC_WARN_UNINITIALIZED_AUTOS = YES_AGGRESSIVE;
				GCC_WARN_UNUSED_FUNCTION = YES;
				GCC_WARN_UNUSED_VARIABLE = YES;
				IPHONEOS_DEPLOYMENT_TARGET = 16.0;
				MARKETING_VERSION = 1.0.51;
				MTL_ENABLE_DEBUG_INFO = NO;
				MTL_FAST_MATH = YES;
				PRODUCT_NAME = "$(TARGET_NAME)";
				SDKROOT = iphoneos;
				SWIFT_COMPILATION_MODE = wholemodule;
				SWIFT_OPTIMIZATION_LEVEL = "-O";
				SWIFT_VERSION = 5.9;
			};
			name = Release;
		};
		CF181469D2064FB3E4698B57 /* Debug */ = {
			isa = XCBuildConfiguration;
			buildSettings = {
				ASSETCATALOG_COMPILER_APPICON_NAME = AppIcon;
				ASSETCATALOG_COMPILER_GLOBAL_ACCENT_COLOR_NAME = AccentColor;
				CODE_SIGN_IDENTITY = "iPhone Developer";
				INFOPLIST_FILE = JiSign/Info.plist;
				INFOPLIST_KEY_CFBundleDisplayName = "速签";
				INFOPLIST_KEY_LSSupportsOpeningDocumentsInPlace = YES;
				INFOPLIST_KEY_UIApplicationSceneManifest_Generation = YES;
				INFOPLIST_KEY_UIApplicationSupportsIndirectInputEvents = YES;
				INFOPLIST_KEY_UIFileSharingEnabled = YES;
				INFOPLIST_KEY_UILaunchScreen_Generation = YES;
				INFOPLIST_KEY_UISupportedInterfaceOrientations_iPhone = UIInterfaceOrientationPortrait;
				LD_RUNPATH_SEARCH_PATHS = (
					"$(inherited)",
					"@executable_path/Frameworks",
				);
				PRODUCT_BUNDLE_IDENTIFIER = com.susuq.JiSign;
				SDKROOT = iphoneos;
				SWIFT_OBJC_BRIDGING_HEADER = "JiSign/JiSign-Bridging-Header.h";
				TARGETED_DEVICE_FAMILY = "1,2";
			};
			name = Debug;
		};
/* End XCBuildConfiguration section */

/* Begin XCConfigurationList section */
		9D646FB70D7EF50740A303A6 /* Build configuration list for PBXNativeTarget "JiSign" */ = {
			isa = XCConfigurationList;
			buildConfigurations = (
				CF181469D2064FB3E4698B57 /* Debug */,
				8BEB6BF8CA9F29006928F89E /* Release */,
			);
			defaultConfigurationIsVisible = 0;
			defaultConfigurationName = Debug;
		};
		DBAE463AF2DB4F543F2038E2 /* Build configuration list for PBXProject "JiSign" */ = {
			isa = XCConfigurationList;
			buildConfigurations = (
				124FF7F60748D4CF7A940F97 /* Debug */,
				9BBEDACDD7764227721FF8AD /* Release */,
			);
			defaultConfigurationIsVisible = 0;
			defaultConfigurationName = Debug;
		};
/* End XCConfigurationList section */

/* Begin XCRemoteSwiftPackageReference section */
		50D51493AD0FA4E0925DD094 /* XCRemoteSwiftPackageReference "zsign-ios" */ = {
			isa = XCRemoteSwiftPackageReference;
			repositoryURL = "https://github.com/zwsn/zsign-ios";
			requirement = {
				branch = main;
				kind = branch;
			};
		};
		C6548A8AA13B099A196E3D0E /* XCRemoteSwiftPackageReference "ZIPFoundation" */ = {
			isa = XCRemoteSwiftPackageReference;
			repositoryURL = "https://github.com/weichsel/ZIPFoundation";
			requirement = {
				kind = upToNextMajorVersion;
				minimumVersion = 0.9.19;
			};
		};
		D3B39CBE0765E949C6542676 /* XCRemoteSwiftPackageReference "ZipArchive" */ = {
			isa = XCRemoteSwiftPackageReference;
			repositoryURL = "https://github.com/ZipArchive/ZipArchive";
			requirement = {
				kind = upToNextMajorVersion;
				minimumVersion = 2.6.0;
			};
		};
/* End XCRemoteSwiftPackageReference section */

/* Begin XCSwiftPackageProductDependency section */
		00E34378C2156961B3F8A29E /* ZSignApple */ = {
			isa = XCSwiftPackageProductDependency;
			package = 50D51493AD0FA4E0925DD094 /* XCRemoteSwiftPackageReference "zsign-ios" */;
			productName = ZSignApple;
		};
		D7CAA9D635FDCE75F1D57072 /* ZipArchive */ = {
			isa = XCSwiftPackageProductDependency;
			package = D3B39CBE0765E949C6542676 /* XCRemoteSwiftPackageReference "ZipArchive" */;
			productName = ZipArchive;
		};
		E95D6546DA20DCA2693AD7B6 /* ZIPFoundation */ = {
			isa = XCSwiftPackageProductDependency;
			package = C6548A8AA13B099A196E3D0E /* XCRemoteSwiftPackageReference "ZIPFoundation" */;
			productName = ZIPFoundation;
		};
/* End XCSwiftPackageProductDependency section */
	};
	rootObject = 36E1603842ED353356DAE243 /* Project object */;
}
